
Microsoft Visual Studio Solution File, Format Version 12.00
# Visual Studio Version 17
VisualStudioVersion = 17.6.33829.357
MinimumVisualStudioVersion = 10.0.40219.1
Project("{9A19103F-16F7-4668-BE54-9A1E7A4F7556}") = "ReportDatos", "ReportDatos\ReportDatos.csproj", "{CE63276C-F9C6-4A39-8DEC-1570E367AA55}"
EndProject
Project("{9A19103F-16F7-4668-BE54-9A1E7A4F7556}") = "WebAPIReport", "WebAPIReport\WebAPIReport.csproj", "{05818FA8-BD04-41F8-9EED-CCF6E21104C0}"
EndProject
Global
	GlobalSection(SolutionConfigurationPlatforms) = preSolution
		Debug|Any CPU = Debug|Any CPU
		Release|Any CPU = Release|Any CPU
	EndGlobalSection
	GlobalSection(ProjectConfigurationPlatforms) = postSolution
		{CE63276C-F9C6-4A39-8DEC-1570E367AA55}.Debug|Any CPU.ActiveCfg = Debug|Any CPU
		{CE63276C-F9C6-4A39-8DEC-1570E367AA55}.Debug|Any CPU.Build.0 = Debug|Any CPU
		{CE63276C-F9C6-4A39-8DEC-1570E367AA55}.Release|Any CPU.ActiveCfg = Release|Any CPU
		{CE63276C-F9C6-4A39-8DEC-1570E367AA55}.Release|Any CPU.Build.0 = Release|Any CPU
		{05818FA8-BD04-41F8-9EED-CCF6E21104C0}.Debug|Any CPU.ActiveCfg = Debug|Any CPU
		{05818FA8-BD04-41F8-9EED-CCF6E21104C0}.Debug|Any CPU.Build.0 = Debug|Any CPU
		{05818FA8-BD04-41F8-9EED-CCF6E21104C0}.Release|Any CPU.ActiveCfg = Release|Any CPU
		{05818FA8-BD04-41F8-9EED-CCF6E21104C0}.Release|Any CPU.Build.0 = Release|Any CPU
	EndGlobalSection
	GlobalSection(SolutionProperties) = preSolution
		HideSolutionNode = FALSE
	EndGlobalSection
	GlobalSection(ExtensibilityGlobals) = postSolution
		SolutionGuid = {3CA01E6F-EAE3-45CC-98F9-20C0C3944538}
	EndGlobalSection
EndGlobal
